{
  "nodes": {
    "copyroom": {
      "flake": false,
      "locked": {
        "lastModified": 1786504231,
        "narHash": "sha256-oqVk99ASAkwl3j3peL6MtobL1V4W0jIyx0S32hh8MwA=",
        "ref": "refs/tags/v0.7.4",
        "rev": "5d6f807006b7cdc08d469707ffa3f88d3762e457",
        "revCount": 57,
        "type": "git",
        "url": "https://github.com/Bullish-Design/copyroom"
      },
      "original": {
        "ref": "refs/tags/v0.7.4",
        "type": "git",
        "url": "https://github.com/Bullish-Design/copyroom"
      }
    },
    "devenv": {
      "locked": {
        "dir": "src/modules",
        "lastModified": 1788787757,
        "narHash": "sha256-oC3BeM/aDJEMbBY5Ia1SrkAEp+ZxyGtSTAa5RiX346U=",
        "owner": "cachix",
        "repo": "devenv",
        "rev": "37ecc72f1167655457851514507281310b3b1c3a",
        "type": "github"
      },
      "original": {
        "dir": "src/modules",
        "owner": "cachix",
        "repo": "devenv",
        "type": "github"
      }
    },
    "devman": {
      "inputs": {
        "nixpkgs": "nixpkgs"
      },
      "locked": {
        "lastModified": 1788642064,
        "narHash": "sha256-8T3nbKiMkuyj6Kt6aI7RayzVVZBkCk2lg02+ERtJafc=",
        "ref": "refs/tags/v0.4.0",
        "rev": "49ac3016db1c548908a63f8bb58f368265b568b9",
        "revCount": 362,
        "type": "git",
        "url": "https://github.com/Bullish-Design/devman"
      },
      "original": {
        "ref": "refs/tags/v0.4.0",
        "type": "git",
        "url": "https://github.com/Bullish-Design/devman"
      }
    },
    "docman": {
      "flake": false,
      "locked": {
        "ref": "refs/heads/main",
        "type": "git",
        "url": "file:///home/andrew/Documents/Projects/docman"
      },
      "original": {
        "type": "git",
        "url": "file:///home/andrew/Documents/Projects/docman"
      }
    },
    "docman_2": {
      "flake": false,
      "locked": {
        "lastModified": 1788800621,
        "narHash": "sha256-mqRHVsQWTvOTeQSV/CF6pDneegb5/22dWINJSRYAjxY=",
        "ref": "refs/tags/v0.2.0",
        "rev": "be02887bef46136a8d91ab9e95355b39061bf153",
        "revCount": 19,
        "type": "git",
        "url": "https://github.com/Bullish-Design/docman"
      },
      "original": {
        "ref": "refs/tags/v0.2.0",
        "type": "git",
        "url": "https://github.com/Bullish-Design/docman"
      }
    },
    "flake-compat": {
      "flake": false,
      "locked": {
        "lastModified": 1767039857,
        "narHash": "sha256-vNpUSpF5Nuw8xvDLj2KCwwksIbjua2LZCqhV1LNRDns=",
        "owner": "edolstra",
        "repo": "flake-compat",
        "rev": "5edf11c44bc78a0d334f6334cdaf7d60d732daab",
        "type": "github"
      },
      "original": {
        "owner": "edolstra",
        "repo": "flake-compat",
        "type": "github"
      }
    },
    "gitman": {
      "flake": false,
      "locked": {
        "lastModified": 1788789918,
        "narHash": "sha256-W/0dAXgmRuQ0eD4O9Gefn0lsQ7Bz43lrniI8jOefmM0=",
        "ref": "refs/tags/v0.6.1",
        "rev": "a0df153b91c1ebed9347feda66b49cc1a4a08f68",
        "revCount": 100,
        "type": "git",
        "url": "https://github.com/Bullish-Design/gitman"
      },
      "original": {
        "ref": "refs/tags/v0.6.1",
        "type": "git",
        "url": "https://github.com/Bullish-Design/gitman"
      }
    },
    "mk-shell-bin": {
      "locked": {
        "lastModified": 1677004959,
        "narHash": "sha256-/uEkr1UkJrh11vD02aqufCxtbF5YnhRTIKlx5kyvf+I=",
        "owner": "rrbutani",
        "repo": "nix-mk-shell-bin",
        "rev": "ff5d8bd4d68a347be5042e2f16caee391cd75887",
        "type": "github"
      },
      "original": {
        "owner": "rrbutani",
        "repo": "nix-mk-shell-bin",
        "type": "github"
      }
    },
    "nix2container": {
      "inputs": {
        "nixpkgs": "nixpkgs_2"
      },
      "locked": {
        "lastModified": 1788758950,
        "narHash": "sha256-b3zONUcYXZHeoeYwDZdSDCzMj0s6ubmD6NT3D7sS+jU=",
        "owner": "nlewo",
        "repo": "nix2container",
        "rev": "b6ac40ef110c12ab1651fce5ea563f7837236439",
        "type": "github"
      },
      "original": {
        "owner": "nlewo",
        "repo": "nix2container",
        "type": "github"
      }
    },
    "nixpkgs": {
      "locked": {
        "lastModified": 1787135253,
        "narHash": "sha256-RD2kNWCG+Bjo6h+JVjWVNntZs2GtRoeY2xHjts/FNkA=",
        "owner": "NixOS",
        "repo": "nixpkgs",
        "rev": "ffb3c9b700e759be2ef13237c9d8f953b32a1e46",
        "type": "github"
      },
      "original": {
        "owner": "NixOS",
        "ref": "nixos-unstable",
        "repo": "nixpkgs",
        "type": "github"
      }
    },
    "nixpkgs-python": {
      "inputs": {
        "flake-compat": "flake-compat",
        "nixpkgs": "nixpkgs_4"
      },
      "locked": {
        "lastModified": 1786471740,
        "narHash": "sha256-9PEUIbLorWC455Oa/4dxuLh+PFPfENBOgEN52gw+Onk=",
        "owner": "cachix",
        "repo": "nixpkgs-python",
        "rev": "4d2bd16c09baaa04f4045f16f6a5574654aaba16",
        "type": "github"
      },
      "original": {
        "owner": "cachix",
        "repo": "nixpkgs-python",
        "type": "github"
      }
    },
    "nixpkgs-src": {
      "flake": false,
      "locked": {
        "lastModified": 1787394516,
        "narHash": "sha256-pRGOQSClnXNI2iLUG6DYpsGvYcuw0drOutVZFTJNw90=",
        "owner": "NixOS",
        "repo": "nixpkgs",
        "rev": "c8f90650c15282fa8656a041bfbbd2403997a9a7",
        "type": "github"
      },
      "original": {
        "owner": "NixOS",
        "ref": "nixpkgs-unstable",
        "repo": "nixpkgs",
        "type": "github"
      }
    },
    "nixpkgs-src_2": {
      "flake": false,
      "locked": {
        "lastModified": 1781607440,
        "narHash": "sha256-rxO+uc/KFbSJp+pgyXRuAX6QlG9hJdnt0BXpEQRXY+U=",
        "owner": "NixOS",
        "repo": "nixpkgs",
        "rev": "3e41b24abd260e8f71dbe2f5737d24122f972158",
        "type": "github"
      },
      "original": {
        "owner": "NixOS",
        "ref": "nixpkgs-unstable",
        "repo": "nixpkgs",
        "type": "github"
      }
    },
    "nixpkgs_2": {
      "locked": {
        "lastModified": 1767028467,
        "narHash": "sha256-7G+2aXClSMaTY1ogpX14CAxjRsvyVzpE0GRwL71WO7g=",
        "owner": "NixOS",
        "repo": "nixpkgs",
        "rev": "1cabc318c11299f07ca53e3cb719854682fe6eb3",
        "type": "github"
      },
      "original": {
        "owner": "NixOS",
        "repo": "nixpkgs",
        "type": "github"
      }
    },
    "nixpkgs_3": {
      "inputs": {
        "nixpkgs-src": "nixpkgs-src"
      },
      "locked": {
        "lastModified": 1787753358,
        "narHash": "sha256-Tl77VbWyAKrOfRNQhL6JbQtb/MLzbYa/1RG1gWWfICk=",
        "owner": "cachix",
        "repo": "devenv-nixpkgs",
        "rev": "256551e45f6303e142ab4a98be1bf243feb77dc0",
        "type": "github"
      },
      "original": {
        "owner": "cachix",
        "ref": "rolling",
        "repo": "devenv-nixpkgs",
        "type": "github"
      }
    },
    "nixpkgs_4": {
      "locked": {
        "lastModified": 1782847189,
        "narHash": "sha256-twXPFqFsrrY5r28Zh7Homgcp2gUMBgQ6WDS98Q/3xFI=",
        "owner": "NixOS",
        "repo": "nixpkgs",
        "rev": "b6018f87da91d19d0ab4cf979885689b469cdd41",
        "type": "github"
      },
      "original": {
        "owner": "NixOS",
        "ref": "nixos-25.11",
        "repo": "nixpkgs",
        "type": "github"
      }
    },
    "nixpkgs_5": {
      "inputs": {
        "nixpkgs-src": "nixpkgs-src_2"
      },
      "locked": {
        "lastModified": 1782132010,
        "narHash": "sha256-ZnAVHdVrotp80iIMm5CSR1fdxPlw7Uwmwxb+O/wsgZ8=",
        "owner": "cachix",
        "repo": "devenv-nixpkgs",
        "rev": "12866ae2dddbc0ab8b329915f8072bb9c75bde89",
        "type": "github"
      },
      "original": {
        "owner": "cachix",
        "ref": "rolling",
        "repo": "devenv-nixpkgs",
        "type": "github"
      }
    },
    "pyjutsu": {
      "flake": false,
      "locked": {
        "lastModified": 1788789606,
        "narHash": "sha256-6812Epm//3hIahYINRTsMLXTMYd6JrZG9T5Ucz0dxJg=",
        "ref": "refs/tags/v0.21.1",
        "rev": "90ba9a5e65e353992369025c1507342cd39f009b",
        "revCount": 157,
        "type": "git",
        "url": "https://github.com/Bullish-Design/Pyjutsu"
      },
      "original": {
        "ref": "refs/tags/v0.21.1",
        "type": "git",
        "url": "https://github.com/Bullish-Design/Pyjutsu"
      }
    },
    "repoman": {
      "flake": false,
      "locked": {
        "path": "modules",
        "type": "path"
      },
      "original": {
        "path": "modules",
        "type": "path"
      },
      "parent": []
    },
    "repoman_2": {
      "flake": false,
      "locked": {
        "lastModified": 1788811060,
        "narHash": "sha256-vjpmuSnKEj0eSj7aGHb403COtTYvyrzXVLRSa7PPEBw=",
        "ref": "refs/tags/v0.7.2",
        "rev": "0b41671459c0a48a4f84b874380e73020847cafc",
        "revCount": 143,
        "type": "git",
        "url": "https://github.com/Bullish-Design/repoman"
      },
      "original": {
        "ref": "refs/tags/v0.7.2",
        "type": "git",
        "url": "https://github.com/Bullish-Design/repoman"
      }
    },
    "root": {
      "inputs": {
        "devenv": "devenv",
        "devman": "devman",
        "docman": "docman",
        "mk-shell-bin": "mk-shell-bin",
        "nix2container": "nix2container",
        "nixpkgs": "nixpkgs_3",
        "nixpkgs-python": "nixpkgs-python",
        "repoman": "repoman",
        "shellij": "shellij",
        "vendomat": "vendomat"
      }
    },
    "shellij": {
      "flake": false,
      "locked": {
        "type": "git",
        "url": "file:///home/andrew/Documents/Projects/shellij"
      },
      "original": {
        "type": "git",
        "url": "file:///home/andrew/Documents/Projects/shellij"
      }
    },
    "vendomat": {
      "inputs": {
        "copyroom": "copyroom",
        "docman": "docman_2",
        "gitman": "gitman",
        "nixpkgs": "nixpkgs_5",
        "pyjutsu": "pyjutsu",
        "repoman": "repoman_2"
      },
      "locked": {
        "type": "git",
        "url": "file:///home/andrew/Documents/Projects/vendomat"
      },
      "original": {
        "type": "git",
        "url": "file:///home/andrew/Documents/Projects/vendomat"
      }
    }
  },
  "root": "root",
  "version": 7
}