{
  "nodes": {
    "devenv": {
      "locked": {
        "dir": "src/modules",
        "lastModified": 1786031932,
        "narHash": "sha256-HRehKpOaX+UfBGHJRmd8RGr0kleqNOviS02dXLv3cwc=",
        "owner": "cachix",
        "repo": "devenv",
        "rev": "a7cb73e2bf9c5f355fa5b97fa44d30b8873e57ff",
        "type": "github"
      },
      "original": {
        "dir": "src/modules",
        "owner": "cachix",
        "repo": "devenv",
        "type": "github"
      }
    },
    "devman": {
      "inputs": {
        "nixpkgs": "nixpkgs"
      },
      "locked": {
        "lastModified": 1787746526,
        "narHash": "sha256-SmLi/cb3nFKuD3+uo7SP42l+bxb+NanKFp1mMyhhtek=",
        "ref": "main",
        "rev": "50c4c2e841136496b05fc1bf1037c9eba0133db7",
        "revCount": 302,
        "type": "git",
        "url": "https://github.com/Bullish-Design/devman"
      },
      "original": {
        "ref": "main",
        "rev": "50c4c2e841136496b05fc1bf1037c9eba0133db7",
        "type": "git",
        "url": "https://github.com/Bullish-Design/devman"
      }
    },
    "docman": {
      "flake": false,
      "locked": {
        "path": "../docman",
        "type": "path"
      },
      "original": {
        "path": "../docman",
        "type": "path"
      },
      "parent": []
    },
    "flake-compat": {
      "flake": false,
      "locked": {
        "lastModified": 1767039857,
        "narHash": "sha256-vNpUSpF5Nuw8xvDLj2KCwwksIbjua2LZCqhV1LNRDns=",
        "owner": "edolstra",
        "repo": "flake-compat",
        "rev": "5edf11c44bc78a0d334f6334cdaf7d60d732daab",
        "type": "github"
      },
      "original": {
        "owner": "edolstra",
        "repo": "flake-compat",
        "type": "github"
      }
    },
    "mk-shell-bin": {
      "locked": {
        "lastModified": 1677004959,
        "narHash": "sha256-/uEkr1UkJrh11vD02aqufCxtbF5YnhRTIKlx5kyvf+I=",
        "owner": "rrbutani",
        "repo": "nix-mk-shell-bin",
        "rev": "ff5d8bd4d68a347be5042e2f16caee391cd75887",
        "type": "github"
      },
      "original": {
        "owner": "rrbutani",
        "repo": "nix-mk-shell-bin",
        "type": "github"
      }
    },
    "nix2container": {
      "inputs": {
        "nixpkgs": "nixpkgs_2"
      },
      "locked": {
        "lastModified": 1775487831,
        "narHash": "sha256-2lguQpLPQaxpQCJjXhmEEAfabwsAhkP29Z7fgLzHARA=",
        "owner": "nlewo",
        "repo": "nix2container",
        "rev": "76be9608a7f4d6c985d28b0e7be903ae2547df3e",
        "type": "github"
      },
      "original": {
        "owner": "nlewo",
        "repo": "nix2container",
        "type": "github"
      }
    },
    "nixpkgs": {
      "locked": {
        "lastModified": 1787135253,
        "narHash": "sha256-RD2kNWCG+Bjo6h+JVjWVNntZs2GtRoeY2xHjts/FNkA=",
        "owner": "NixOS",
        "repo": "nixpkgs",
        "rev": "ffb3c9b700e759be2ef13237c9d8f953b32a1e46",
        "type": "github"
      },
      "original": {
        "owner": "NixOS",
        "ref": "nixos-unstable",
        "repo": "nixpkgs",
        "type": "github"
      }
    },
    "nixpkgs-python": {
      "inputs": {
        "flake-compat": "flake-compat",
        "nixpkgs": "nixpkgs_4"
      },
      "locked": {
        "lastModified": 1784686015,
        "narHash": "sha256-HpbHqOrLbDS+ZTK2u9iojvWfMlWnuPzGb9XGcEipIxE=",
        "owner": "cachix",
        "repo": "nixpkgs-python",
        "rev": "8d51e95247ca71680b72cdd308fdf1dbeb031313",
        "type": "github"
      },
      "original": {
        "owner": "cachix",
        "repo": "nixpkgs-python",
        "type": "github"
      }
    },
    "nixpkgs-src": {
      "flake": false,
      "locked": {
        "lastModified": 1785715447,
        "narHash": "sha256-4K0IGmbAOJnd/Hx2+CNEvx3ECrtYnsoaf4grI6gvZ/Q=",
        "owner": "NixOS",
        "repo": "nixpkgs",
        "rev": "243895692ae2a2fbd08a05141462c0cc0d3ca10f",
        "type": "github"
      },
      "original": {
        "owner": "NixOS",
        "ref": "nixpkgs-unstable",
        "repo": "nixpkgs",
        "type": "github"
      }
    },
    "nixpkgs-src_2": {
      "flake": false,
      "locked": {
        "lastModified": 1781607440,
        "narHash": "sha256-rxO+uc/KFbSJp+pgyXRuAX6QlG9hJdnt0BXpEQRXY+U=",
        "owner": "NixOS",
        "repo": "nixpkgs",
        "rev": "3e41b24abd260e8f71dbe2f5737d24122f972158",
        "type": "github"
      },
      "original": {
        "owner": "NixOS",
        "ref": "nixpkgs-unstable",
        "repo": "nixpkgs",
        "type": "github"
      }
    },
    "nixpkgs_2": {
      "locked": {
        "lastModified": 1767028467,
        "narHash": "sha256-7G+2aXClSMaTY1ogpX14CAxjRsvyVzpE0GRwL71WO7g=",
        "owner": "NixOS",
        "repo": "nixpkgs",
        "rev": "1cabc318c11299f07ca53e3cb719854682fe6eb3",
        "type": "github"
      },
      "original": {
        "owner": "NixOS",
        "repo": "nixpkgs",
        "type": "github"
      }
    },
    "nixpkgs_3": {
      "inputs": {
        "nixpkgs-src": "nixpkgs-src"
      },
      "locked": {
        "lastModified": 1785855293,
        "narHash": "sha256-oFTyNNuuFPL6KXd1D0w4K+IHmKIiXtCMdlnoc9vXkTk=",
        "owner": "cachix",
        "repo": "devenv-nixpkgs",
        "rev": "6d5d03d1dfd5f530a098832d0f5433479b576278",
        "type": "github"
      },
      "original": {
        "owner": "cachix",
        "ref": "rolling",
        "repo": "devenv-nixpkgs",
        "type": "github"
      }
    },
    "nixpkgs_4": {
      "locked": {
        "lastModified": 1773964973,
        "narHash": "sha256-NV/J+tTER0P5iJhUDL/8HO5MDjDceLQPRUYgdmy5wXw=",
        "owner": "NixOS",
        "repo": "nixpkgs",
        "rev": "812b3986fd1568f7a858f97fcf425ad996ba7d25",
        "type": "github"
      },
      "original": {
        "owner": "NixOS",
        "ref": "nixos-25.11",
        "repo": "nixpkgs",
        "type": "github"
      }
    },
    "nixpkgs_5": {
      "inputs": {
        "nixpkgs-src": "nixpkgs-src_2"
      },
      "locked": {
        "lastModified": 1782132010,
        "narHash": "sha256-ZnAVHdVrotp80iIMm5CSR1fdxPlw7Uwmwxb+O/wsgZ8=",
        "owner": "cachix",
        "repo": "devenv-nixpkgs",
        "rev": "12866ae2dddbc0ab8b329915f8072bb9c75bde89",
        "type": "github"
      },
      "original": {
        "owner": "cachix",
        "ref": "rolling",
        "repo": "devenv-nixpkgs",
        "type": "github"
      }
    },
    "pyjutsu": {
      "flake": false,
      "locked": {
        "type": "git",
        "url": "file:///home/andrew/Documents/Projects/pyjutsu"
      },
      "original": {
        "type": "git",
        "url": "file:///home/andrew/Documents/Projects/pyjutsu"
      }
    },
    "repoman": {
      "flake": false,
      "locked": {
        "path": "modules",
        "type": "path"
      },
      "original": {
        "path": "modules",
        "type": "path"
      },
      "parent": []
    },
    "root": {
      "inputs": {
        "devenv": "devenv",
        "devman": "devman",
        "docman": "docman",
        "mk-shell-bin": "mk-shell-bin",
        "nix2container": "nix2container",
        "nixpkgs": "nixpkgs_3",
        "nixpkgs-python": "nixpkgs-python",
        "repoman": "repoman",
        "shellij": "shellij",
        "vendomat": "vendomat"
      }
    },
    "shellij": {
      "flake": false,
      "locked": {
        "path": "../shellij",
        "type": "path"
      },
      "original": {
        "path": "../shellij",
        "type": "path"
      },
      "parent": []
    },
    "vendomat": {
      "inputs": {
        "nixpkgs": "nixpkgs_5",
        "pyjutsu": "pyjutsu"
      },
      "locked": {
        "path": "../vendomat",
        "type": "path"
      },
      "original": {
        "path": "../vendomat",
        "type": "path"
      },
      "parent": []
    }
  },
  "root": "root",
  "version": 7
}