# repoman.lock — the MACHINE toolchain manifest (project 12).
#
# Pins the pure-CLI managers that live in the single system-wide toolchain venv
# ($REPOMAN_TOOLCHAIN_VENV, default ~/.local/share/repoman/venv). `repoman-sync --machine`
# reads this file and installs EVERY entry in ONE `uv pip install --upgrade` — the
# consumer's `repoman.managers` roster gates wiring/skills, not installation.
#
# This file is a FLOOR, not the whole truth. Each manager's own metadata carries its real
# requirements, and the sync resolves the lock and the managers together, so the stricter
# side always wins. The sync then verifies the result and refuses to record a manifest for
# a venv whose installed packages do not satisfy every installed manager (project 18).
#
# testee is deliberately ABSENT: it runs inside the consumer's code, so it is declared as a
# per-repo uv dev dependency in each consumer's pyproject.toml. See CONCEPT.md §3.
#
# source forms:
#   path:/abs/path                      local checkout (dev; installed --editable)
#   git+https://host/org/repo@vX.Y.Z    pinned git ref (fleet)
#   wheel:<requirement>                 prebuilt wheel from vendomat's wheelhouse (UV_FIND_LINKS)
#   url:<name> @ <https url>            one published artifact, by PEP 508 direct
#                                       reference — no wheelhouse, no UV_FIND_LINKS
#
# The committed file is the DEV shape for this machine. The FLEET shape swaps each
# path: for git+https://github.com/Bullish-Design/<repo>@vX.Y.Z; a CI runner can
# point repoman-sync --machine at a fleet-shaped lock via REPOMAN_LOCK without
# editing this checkout (WS-3, project-12 follow-up).

[repoman]
package = "repoman"
source = "path:/home/andrew/Documents/Projects/repoman"

[managers.copy]
package = "copyroom"
source = "path:/home/andrew/Documents/Projects/copyroom"

[managers.git]
package = "gitman"
source = "path:/home/andrew/Documents/Projects/gitman"

# gitman's native dep — not a manager. Resolved by the "<manager>-*" pseudo-entry rule.
#
# The published, relocated manylinux asset — the same URL gitman's own
# [tool.uv.sources] names, and the one `direct_url.json` already records for the
# installed wheel. As of pyjutsu 0.21.1 this URL and vendomat's wheelhouse name
# the *same bytes*: vendomat performs the single hermetic build, stamps the
# manylinux tag, strips the store RUNPATH, and uploads that exact store file
# (devman 023-toolchain). The earlier note here — that the wheelhouse wheel
# carries a bare linux_x86_64 tag and a /nix/store RUNPATH — described the
# builder before it was repaired and no longer holds.
#
# This was `wheel:pyjutsu>=0.20.0` — a FLOOR resolved with --upgrade, so the next
# sync took whatever the wheelhouse held, and the wheelhouse exists in exactly one
# directory on one machine. A url: source names one artifact instead, which is what
# removes the UV_FIND_LINKS precondition from the machine bootstrap (023-toolchain
# P8).
[managers.git-pyjutsu]
package = "pyjutsu"
source = "url:pyjutsu @ https://github.com/Bullish-Design/Pyjutsu/releases/download/v0.21.1/pyjutsu-0.21.1-cp313-abi3-manylinux_2_39_x86_64.whl"

[managers.doc]
package = "docman"
source = "path:/home/andrew/Documents/Projects/docman"

# templateer: typed artifact generation. A CLI on the shared shelf, not a
# library any repo imports — devman's changelog workflow calls
# `templateer generate`. Pinned to a tag rather than a path: it is pure Python
# (hatchling, no native code), so a git tag is a sufficient pin and uv records
# a hash for it. This replaces the PYTHONPATH + `uv run --project <sibling>`
# spelling that reached templateer through a sibling checkout (023-toolchain
# P2/R2).
[managers.template]
package = "templateer"
source = "git+https://github.com/Bullish-Design/templateer_v2@v0.4.0"

# vendomat is not a manager and has no roster entry. It is here because
# `gitman push` publishes through a pyjutsu pre-push hook, and a pyjutsu python
# hook is an IMPORT executed inside gitman's own interpreter — the shared venv.
# So the shelf must carry vendomat as a library, exactly as it already carries
# pyjutsu for gitman. Resolved by the "<manager>-*" pseudo-entry rule, routed
# under "git" because it is the git manager's push path that needs it.
#
# This does not weaken the "the shelf is never a source of imports" rule: that
# rule governs REPOSITORIES importing from the shelf. A shelf resident importing
# another is the established gitman -> pyjutsu pattern.
[managers.git-vendomat]
package = "vendomat"
source = "path:/home/andrew/Documents/Projects/vendomat"
