# repoman.lock — the pinned toolchain for this repo.
#
# One manifest pins every manager (and RepoMan itself) so the whole toolchain
# moves in lockstep. `repoman-sync` reads this and installs the entries for the
# managers selected in `repoman.managers`, plus the [repoman] self entry.
#
# source forms:
#   path:/abs/path                      local checkout (dev)
#   git+https://host/org/repo@vX.Y.Z    pinned git ref (fleet)
#   wheel:<requirement>                 prebuilt wheel from vendomat's wheelhouse,
#                                       resolved via UV_FIND_LINKS (zero cargo)

[repoman]
package = "repoman"
source = "path:/home/andrew/Documents/Projects/repoman"

[managers.copy]
package = "copyroom"
source = "path:/home/andrew/Documents/Projects/copyroom"

[managers.git]
package = "gitman"
source = "path:/home/andrew/Documents/Projects/gitman"

# gitman's native dependency. Must be an explicit entry: `uv pip install` ignores
# gitman's [tool.uv.sources], so pyjutsu won't resolve otherwise. With a `wheel:`
# source it installs as a prebuilt wheel from vendomat's UV_FIND_LINKS wheelhouse —
# zero cargo, and gitman's module needs no Rust toolchain (repoman.nativeBuild=false).
# Not a manager — never add "git-pyjutsu" to repoman.managers; repoman-sync picks it
# up via the "<manager>-*" pseudo-entry rule, keyed off the selected "git".
[managers.git-pyjutsu]
package = "pyjutsu"
source = "wheel:pyjutsu>=0.8"

[managers.test]
package = "testee"
source = "path:/home/andrew/Documents/Projects/testee"

[managers.doc]
package = "docman"
source = "path:/home/andrew/Documents/Projects/docman"
